// !$*UTF8*$!
{
	archiveVersion = 1;
	classes = {
	};
	objectVersion = 55;
	objects = {

/* Begin PBXBuildFile section */
		547419B82887289300C46D63 /* AppDelegate.swift in Sources */ = {isa = PBXBuildFile; fileRef = 547419B72887289300C46D63 /* AppDelegate.swift */; };
		547419BA2887289300C46D63 /* SceneDelegate.swift in Sources */ = {isa = PBXBuildFile; fileRef = 547419B92887289300C46D63 /* SceneDelegate.swift */; };
		547419BC2887289300C46D63 /* ViewController.swift in Sources */ = {isa = PBXBuildFile; fileRef = 547419BB2887289300C46D63 /* ViewController.swift */; };
		547419BF2887289300C46D63 /* Main.storyboard in Resources */ = {isa = PBXBuildFile; fileRef = 547419BD2887289300C46D63 /* Main.storyboard */; };
		547419C22887289300C46D63 /* FinalProject.xcdatamodeld in Sources */ = {isa = PBXBuildFile; fileRef = 547419C02887289300C46D63 /* FinalProject.xcdatamodeld */; };
		547419C42887289700C46D63 /* Assets.xcassets in Resources */ = {isa = PBXBuildFile; fileRef = 547419C32887289700C46D63 /* Assets.xcassets */; };
		547419C72887289700C46D63 /* LaunchScreen.storyboard in Resources */ = {isa = PBXBuildFile; fileRef = 547419C52887289700C46D63 /* LaunchScreen.storyboard */; };
		547419D22887289800C46D63 /* FinalProjectTests.swift in Sources */ = {isa = PBXBuildFile; fileRef = 547419D12887289800C46D63 /* FinalProjectTests.swift */; };
		547419DC2887289800C46D63 /* FinalProjectUITests.swift in Sources */ = {isa = PBXBuildFile; fileRef = 547419DB2887289800C46D63 /* FinalProjectUITests.swift */; };
		547419DE2887289800C46D63 /* FinalProjectUITestsLaunchTests.swift in Sources */ = {isa = PBXBuildFile; fileRef = 547419DD2887289800C46D63 /* FinalProjectUITestsLaunchTests.swift */; };
		DCD2B7D1288782D0005463DF /* FirstViewController.swift in Sources */ = {isa = PBXBuildFile; fileRef = DCD2B7D0288782D0005463DF /* FirstViewController.swift */; };
		DCD2B7D32887BA50005463DF /* SecondViewController.swift in Sources */ = {isa = PBXBuildFile; fileRef = DCD2B7D22887BA50005463DF /* SecondViewController.swift */; };
		DCD2B7D52887BA65005463DF /* ThirdViewController.swift in Sources */ = {isa = PBXBuildFile; fileRef = DCD2B7D42887BA65005463DF /* ThirdViewController.swift */; };
		DCD2B7D72887BA76005463DF /* FourthViewController.swift in Sources */ = {isa = PBXBuildFile; fileRef = DCD2B7D62887BA76005463DF /* FourthViewController.swift */; };
		DCD2B7D92887BAA3005463DF /* FifthViewController.swift in Sources */ = {isa = PBXBuildFile; fileRef = DCD2B7D82887BAA3005463DF /* FifthViewController.swift */; };
		DCD2B7DB2887BAB6005463DF /* SixthViewController.swift in Sources */ = {isa = PBXBuildFile; fileRef = DCD2B7DA2887BAB6005463DF /* SixthViewController.swift */; };
		DCD2B7DD2887BAC8005463DF /* SeventhViewController.swift in Sources */ = {isa = PBXBuildFile; fileRef = DCD2B7DC2887BAC8005463DF /* SeventhViewController.swift */; };
		DCD2B7DF2887BAD8005463DF /* EighthViewController.swift in Sources */ = {isa = PBXBuildFile; fileRef = DCD2B7DE2887BAD7005463DF /* EighthViewController.swift */; };
		DCD2B7E12887BAF5005463DF /* NineViewController.swift in Sources */ = {isa = PBXBuildFile; fileRef = DCD2B7E02887BAF5005463DF /* NineViewController.swift */; };
		DCD2B7E32887BB07005463DF /* tenthViewController.swift in Sources */ = {isa = PBXBuildFile; fileRef = DCD2B7E22887BB07005463DF /* tenthViewController.swift */; };
		DCD2B7E52887BB1F005463DF /* ElevenViewController.swift in Sources */ = {isa = PBXBuildFile; fileRef = DCD2B7E42887BB1F005463DF /* ElevenViewController.swift */; };
/* End PBXBuildFile section */

/* Begin PBXContainerItemProxy section */
		547419CE2887289800C46D63 /* PBXContainerItemProxy */ = {
			isa = PBXContainerItemProxy;
			containerPortal = 547419AC2887289300C46D63 /* Project object */;
			proxyType = 1;
			remoteGlobalIDString = 547419B32887289300C46D63;
			remoteInfo = FinalProject;
		};
		547419D82887289800C46D63 /* PBXContainerItemProxy */ = {
			isa = PBXContainerItemProxy;
			containerPortal = 547419AC2887289300C46D63 /* Project object */;
			proxyType = 1;
			remoteGlobalIDString = 547419B32887289300C46D63;
			remoteInfo = FinalProject;
		};
/* End PBXContainerItemProxy section */

/* Begin PBXFileReference section */
		547419B42887289300C46D63 /* FinalProject.app */ = {isa = PBXFileReference; explicitFileType = wrapper.application; includeInIndex = 0; path = FinalProject.app; sourceTree = BUILT_PRODUCTS_DIR; };
		547419B72887289300C46D63 /* AppDelegate.swift */ = {isa = PBXFileReference; lastKnownFileType = sourcecode.swift; path = AppDelegate.swift; sourceTree = "<group>"; };
		547419B92887289300C46D63 /* SceneDelegate.swift */ = {isa = PBXFileReference; lastKnownFileType = sourcecode.swift; path = SceneDelegate.swift; sourceTree = "<group>"; };
		547419BB2887289300C46D63 /* ViewController.swift */ = {isa = PBXFileReference; lastKnownFileType = sourcecode.swift; path = ViewController.swift; sourceTree = "<group>"; };
		547419BE2887289300C46D63 /* Base */ = {isa = PBXFileReference; lastKnownFileType = file.storyboard; name = Base; path = Base.lproj/Main.storyboard; sourceTree = "<group>"; };
		547419C12887289300C46D63 /* FinalProject.xcdatamodel */ = {isa = PBXFileReference; lastKnownFileType = wrapper.xcdatamodel; path = FinalProject.xcdatamodel; sourceTree = "<group>"; };
		547419C32887289700C46D63 /* Assets.xcassets */ = {isa = PBXFileReference; lastKnownFileType = folder.assetcatalog; path = Assets.xcassets; sourceTree = "<group>"; };
		547419C62887289700C46D63 /* Base */ = {isa = PBXFileReference; lastKnownFileType = file.storyboard; name = Base; path = Base.lproj/LaunchScreen.storyboard; sourceTree = "<group>"; };
		547419C82887289700C46D63 /* Info.plist */ = {isa = PBXFileReference; lastKnownFileType = text.plist.xml; path = Info.plist; sourceTree = "<group>"; };
		547419CD2887289800C46D63 /* FinalProjectTests.xctest */ = {isa = PBXFileReference; explicitFileType = wrapper.cfbundle; includeInIndex = 0; path = FinalProjectTests.xctest; sourceTree = BUILT_PRODUCTS_DIR; };
		547419D12887289800C46D63 /* FinalProjectTests.swift */ = {isa = PBXFileReference; lastKnownFileType = sourcecode.swift; path = FinalProjectTests.swift; sourceTree = "<group>"; };
		547419D72887289800C46D63 /* FinalProjectUITests.xctest */ = {isa = PBXFileReference; explicitFileType = wrapper.cfbundle; includeInIndex = 0; path = FinalProjectUITests.xctest; sourceTree = BUILT_PRODUCTS_DIR; };
		547419DB2887289800C46D63 /* FinalProjectUITests.swift */ = {isa = PBXFileReference; lastKnownFileType = sourcecode.swift; path = FinalProjectUITests.swift; sourceTree = "<group>"; };
		547419DD2887289800C46D63 /* FinalProjectUITestsLaunchTests.swift */ = {isa = PBXFileReference; lastKnownFileType = sourcecode.swift; path = FinalProjectUITestsLaunchTests.swift; sourceTree = "<group>"; };
		DCD2B7D0288782D0005463DF /* FirstViewController.swift */ = {isa = PBXFileReference; lastKnownFileType = sourcecode.swift; path = FirstViewController.swift; sourceTree = "<group>"; };
		DCD2B7D22887BA50005463DF /* SecondViewController.swift */ = {isa = PBXFileReference; lastKnownFileType = sourcecode.swift; path = SecondViewController.swift; sourceTree = "<group>"; };
		DCD2B7D42887BA65005463DF /* ThirdViewController.swift */ = {isa = PBXFileReference; lastKnownFileType = sourcecode.swift; path = ThirdViewController.swift; sourceTree = "<group>"; };
		DCD2B7D62887BA76005463DF /* FourthViewController.swift */ = {isa = PBXFileReference; lastKnownFileType = sourcecode.swift; path = FourthViewController.swift; sourceTree = "<group>"; };
		DCD2B7D82887BAA3005463DF /* FifthViewController.swift */ = {isa = PBXFileReference; lastKnownFileType = sourcecode.swift; path = FifthViewController.swift; sourceTree = "<group>"; };
		DCD2B7DA2887BAB6005463DF /* SixthViewController.swift */ = {isa = PBXFileReference; lastKnownFileType = sourcecode.swift; path = SixthViewController.swift; sourceTree = "<group>"; };
		DCD2B7DC2887BAC8005463DF /* SeventhViewController.swift */ = {isa = PBXFileReference; lastKnownFileType = sourcecode.swift; path = SeventhViewController.swift; sourceTree = "<group>"; };
		DCD2B7DE2887BAD7005463DF /* EighthViewController.swift */ = {isa = PBXFileReference; lastKnownFileType = sourcecode.swift; path = EighthViewController.swift; sourceTree = "<group>"; };
		DCD2B7E02887BAF5005463DF /* NineViewController.swift */ = {isa = PBXFileReference; lastKnownFileType = sourcecode.swift; path = NineViewController.swift; sourceTree = "<group>"; };
		DCD2B7E22887BB07005463DF /* tenthViewController.swift */ = {isa = PBXFileReference; lastKnownFileType = sourcecode.swift; path = tenthViewController.swift; sourceTree = "<group>"; };
		DCD2B7E42887BB1F005463DF /* ElevenViewController.swift */ = {isa = PBXFileReference; lastKnownFileType = sourcecode.swift; path = ElevenViewController.swift; sourceTree = "<group>"; };
/* End PBXFileReference section */

/* Begin PBXFrameworksBuildPhase section */
		547419B12887289300C46D63 /* Frameworks */ = {
			isa = PBXFrameworksBuildPhase;
			buildActionMask = 2147483647;
			files = (
			);
			runOnlyForDeploymentPostprocessing = 0;
		};
		547419CA2887289800C46D63 /* Frameworks */ = {
			isa = PBXFrameworksBuildPhase;
			buildActionMask = 2147483647;
			files = (
			);
			runOnlyForDeploymentPostprocessing = 0;
		};
		547419D42887289800C46D63 /* Frameworks */ = {
			isa = PBXFrameworksBuildPhase;
			buildActionMask = 2147483647;
			files = (
			);
			runOnlyForDeploymentPostprocessing = 0;
		};
/* End PBXFrameworksBuildPhase section */

/* Begin PBXGroup section */
		547419AB2887289300C46D63 = {
			isa = PBXGroup;
			children = (
				547419B62887289300C46D63 /* FinalProject */,
				547419D02887289800C46D63 /* FinalProjectTests */,
				547419DA2887289800C46D63 /* FinalProjectUITests */,
				547419B52887289300C46D63 /* Products */,
			);
			sourceTree = "<group>";
		};
		547419B52887289300C46D63 /* Products */ = {
			isa = PBXGroup;
			children = (
				547419B42887289300C46D63 /* FinalProject.app */,
				547419CD2887289800C46D63 /* FinalProjectTests.xctest */,
				547419D72887289800C46D63 /* FinalProjectUITests.xctest */,
			);
			name = Products;
			sourceTree = "<group>";
		};
		547419B62887289300C46D63 /* FinalProject */ = {
			isa = PBXGroup;
			children = (
				547419B72887289300C46D63 /* AppDelegate.swift */,
				547419B92887289300C46D63 /* SceneDelegate.swift */,
				547419BB2887289300C46D63 /* ViewController.swift */,
				DCD2B7D0288782D0005463DF /* FirstViewController.swift */,
				547419BD2887289300C46D63 /* Main.storyboard */,
				547419C32887289700C46D63 /* Assets.xcassets */,
				547419C52887289700C46D63 /* LaunchScreen.storyboard */,
				547419C82887289700C46D63 /* Info.plist */,
				547419C02887289300C46D63 /* FinalProject.xcdatamodeld */,
				DCD2B7D22887BA50005463DF /* SecondViewController.swift */,
				DCD2B7D42887BA65005463DF /* ThirdViewController.swift */,
				DCD2B7D62887BA76005463DF /* FourthViewController.swift */,
				DCD2B7D82887BAA3005463DF /* FifthViewController.swift */,
				DCD2B7DA2887BAB6005463DF /* SixthViewController.swift */,
				DCD2B7DC2887BAC8005463DF /* SeventhViewController.swift */,
				DCD2B7DE2887BAD7005463DF /* EighthViewController.swift */,
				DCD2B7E02887BAF5005463DF /* NineViewController.swift */,
				DCD2B7E22887BB07005463DF /* tenthViewController.swift */,
				DCD2B7E42887BB1F005463DF /* ElevenViewController.swift */,
			);
			path = FinalProject;
			sourceTree = "<group>";
		};
		547419D02887289800C46D63 /* FinalProjectTests */ = {
			isa = PBXGroup;
			children = (
				547419D12887289800C46D63 /* FinalProjectTests.swift */,
			);
			path = FinalProjectTests;
			sourceTree = "<group>";
		};
		547419DA2887289800C46D63 /* FinalProjectUITests */ = {
			isa = PBXGroup;
			children = (
				547419DB2887289800C46D63 /* FinalProjectUITests.swift */,
				547419DD2887289800C46D63 /* FinalProjectUITestsLaunchTests.swift */,
			);
			path = FinalProjectUITests;
			sourceTree = "<group>";
		};
/* End PBXGroup section */

/* Begin PBXNativeTarget section */
		547419B32887289300C46D63 /* FinalProject */ = {
			isa = PBXNativeTarget;
			buildConfigurationList = 547419E12887289800C46D63 /* Build configuration list for PBXNativeTarget "FinalProject" */;
			buildPhases = (
				547419B02887289300C46D63 /* Sources */,
				547419B12887289300C46D63 /* Frameworks */,
				547419B22887289300C46D63 /* Resources */,
			);
			buildRules = (
			);
			dependencies = (
			);
			name = FinalProject;
			productName = FinalProject;
			productReference = 547419B42887289300C46D63 /* FinalProject.app */;
			productType = "com.apple.product-type.application";
		};
		547419CC2887289800C46D63 /* FinalProjectTests */ = {
			isa = PBXNativeTarget;
			buildConfigurationList = 547419E42887289800C46D63 /* Build configuration list for PBXNativeTarget "FinalProjectTests" */;
			buildPhases = (
				547419C92887289800C46D63 /* Sources */,
				547419CA2887289800C46D63 /* Frameworks */,
				547419CB2887289800C46D63 /* Resources */,
			);
			buildRules = (
			);
			dependencies = (
				547419CF2887289800C46D63 /* PBXTargetDependency */,
			);
			name = FinalProjectTests;
			productName = FinalProjectTests;
			productReference = 547419CD2887289800C46D63 /* FinalProjectTests.xctest */;
			productType = "com.apple.product-type.bundle.unit-test";
		};
		547419D62887289800C46D63 /* FinalProjectUITests */ = {
			isa = PBXNativeTarget;
			buildConfigurationList = 547419E72887289800C46D63 /* Build configuration list for PBXNativeTarget "FinalProjectUITests" */;
			buildPhases = (
				547419D32887289800C46D63 /* Sources */,
				547419D42887289800C46D63 /* Frameworks */,
				547419D52887289800C46D63 /* Resources */,
			);
			buildRules = (
			);
			dependencies = (
				547419D92887289800C46D63 /* PBXTargetDependency */,
			);
			name = FinalProjectUITests;
			productName = FinalProjectUITests;
			productReference = 547419D72887289800C46D63 /* FinalProjectUITests.xctest */;
			productType = "com.apple.product-type.bundle.ui-testing";
		};
/* End PBXNativeTarget section */

/* Begin PBXProject section */
		547419AC2887289300C46D63 /* Project object */ = {
			isa = PBXProject;
			attributes = {
				BuildIndependentTargetsInParallel = 1;
				LastSwiftUpdateCheck = 1340;
				LastUpgradeCheck = 1340;
				TargetAttributes = {
					547419B32887289300C46D63 = {
						CreatedOnToolsVersion = 13.4.1;
					};
					547419CC2887289800C46D63 = {
						CreatedOnToolsVersion = 13.4.1;
						TestTargetID = 547419B32887289300C46D63;
					};
					547419D62887289800C46D63 = {
						CreatedOnToolsVersion = 13.4.1;
						TestTargetID = 547419B32887289300C46D63;
					};
				};
			};
			buildConfigurationList = 547419AF2887289300C46D63 /* Build configuration list for PBXProject "FinalProject" */;
			compatibilityVersion = "Xcode 13.0";
			developmentRegion = en;
			hasScannedForEncodings = 0;
			knownRegions = (
				en,
				Base,
			);
			mainGroup = 547419AB2887289300C46D63;
			productRefGroup = 547419B52887289300C46D63 /* Products */;
			projectDirPath = "";
			projectRoot = "";
			targets = (
				547419B32887289300C46D63 /* FinalProject */,
				547419CC2887289800C46D63 /* FinalProjectTests */,
				547419D62887289800C46D63 /* FinalProjectUITests */,
			);
		};
/* End PBXProject section */

/* Begin PBXResourcesBuildPhase section */
		547419B22887289300C46D63 /* Resources */ = {
			isa = PBXResourcesBuildPhase;
			buildActionMask = 2147483647;
			files = (
				547419C72887289700C46D63 /* LaunchScreen.storyboard in Resources */,
				547419C42887289700C46D63 /* Assets.xcassets in Resources */,
				547419BF2887289300C46D63 /* Main.storyboard in Resources */,
			);
			runOnlyForDeploymentPostprocessing = 0;
		};
		547419CB2887289800C46D63 /* Resources */ = {
			isa = PBXResourcesBuildPhase;
			buildActionMask = 2147483647;
			files = (
			);
			runOnlyForDeploymentPostprocessing = 0;
		};
		547419D52887289800C46D63 /* Resources */ = {
			isa = PBXResourcesBuildPhase;
			buildActionMask = 2147483647;
			files = (
			);
			runOnlyForDeploymentPostprocessing = 0;
		};
/* End PBXResourcesBuildPhase section */

/* Begin PBXSourcesBuildPhase section */
		547419B02887289300C46D63 /* Sources */ = {
			isa = PBXSourcesBuildPhase;
			buildActionMask = 2147483647;
			files = (
				DCD2B7D92887BAA3005463DF /* FifthViewController.swift in Sources */,
				DCD2B7E52887BB1F005463DF /* ElevenViewController.swift in Sources */,
				DCD2B7D32887BA50005463DF /* SecondViewController.swift in Sources */,
				547419BC2887289300C46D63 /* ViewController.swift in Sources */,
				547419B82887289300C46D63 /* AppDelegate.swift in Sources */,
				DCD2B7E32887BB07005463DF /* tenthViewController.swift in Sources */,
				DCD2B7D52887BA65005463DF /* ThirdViewController.swift in Sources */,
				DCD2B7DF2887BAD8005463DF /* EighthViewController.swift in Sources */,
				DCD2B7D72887BA76005463DF /* FourthViewController.swift in Sources */,
				547419C22887289300C46D63 /* FinalProject.xcdatamodeld in Sources */,
				DCD2B7E12887BAF5005463DF /* NineViewController.swift in Sources */,
				DCD2B7D1288782D0005463DF /* FirstViewController.swift in Sources */,
				DCD2B7DD2887BAC8005463DF /* SeventhViewController.swift in Sources */,
				547419BA2887289300C46D63 /* SceneDelegate.swift in Sources */,
				DCD2B7DB2887BAB6005463DF /* SixthViewController.swift in Sources */,
			);
			runOnlyForDeploymentPostprocessing = 0;
		};
		547419C92887289800C46D63 /* Sources */ = {
			isa = PBXSourcesBuildPhase;
			buildActionMask = 2147483647;
			files = (
				547419D22887289800C46D63 /* FinalProjectTests.swift in Sources */,
			);
			runOnlyForDeploymentPostprocessing = 0;
		};
		547419D32887289800C46D63 /* Sources */ = {
			isa = PBXSourcesBuildPhase;
			buildActionMask = 2147483647;
			files = (
				547419DC2887289800C46D63 /* FinalProjectUITests.swift in Sources */,
				547419DE2887289800C46D63 /* FinalProjectUITestsLaunchTests.swift in Sources */,
			);
			runOnlyForDeploymentPostprocessing = 0;
		};
/* End PBXSourcesBuildPhase section */

/* Begin PBXTargetDependency section */
		547419CF2887289800C46D63 /* PBXTargetDependency */ = {
			isa = PBXTargetDependency;
			target = 547419B32887289300C46D63 /* FinalProject */;
			targetProxy = 547419CE2887289800C46D63 /* PBXContainerItemProxy */;
		};
		547419D92887289800C46D63 /* PBXTargetDependency */ = {
			isa = PBXTargetDependency;
			target = 547419B32887289300C46D63 /* FinalProject */;
			targetProxy = 547419D82887289800C46D63 /* PBXContainerItemProxy */;
		};
/* End PBXTargetDependency section */

/* Begin PBXVariantGroup section */
		547419BD2887289300C46D63 /* Main.storyboard */ = {
			isa = PBXVariantGroup;
			children = (
				547419BE2887289300C46D63 /* Base */,
			);
			name = Main.storyboard;
			sourceTree = "<group>";
		};
		547419C52887289700C46D63 /* LaunchScreen.storyboard */ = {
			isa = PBXVariantGroup;
			children = (
				547419C62887289700C46D63 /* Base */,
			);
			name = LaunchScreen.storyboard;
			sourceTree = "<group>";
		};
/* End PBXVariantGroup section */

/* Begin XCBuildConfiguration section */
		547419DF2887289800C46D63 /* Debug */ = {
			isa = XCBuildConfiguration;
			buildSettings = {
				ALWAYS_SEARCH_USER_PATHS = NO;
				CLANG_ANALYZER_NONNULL = YES;
				CLANG_ANALYZER_NUMBER_OBJECT_CONVERSION = YES_AGGRESSIVE;
				CLANG_CXX_LANGUAGE_STANDARD = "gnu++17";
				CLANG_ENABLE_MODULES = YES;
				CLANG_ENABLE_OBJC_ARC = YES;
				CLANG_ENABLE_OBJC_WEAK = YES;
				CLANG_WARN_BLOCK_CAPTURE_AUTORELEASING = YES;
				CLANG_WARN_BOOL_CONVERSION = YES;
				CLANG_WARN_COMMA = YES;
				CLANG_WARN_CONSTANT_CONVERSION = YES;
				CLANG_WARN_DEPRECATED_OBJC_IMPLEMENTATIONS = YES;
				CLANG_WARN_DIRECT_OBJC_ISA_USAGE = YES_ERROR;
				CLANG_WARN_DOCUMENTATION_COMMENTS = YES;
				CLANG_WARN_EMPTY_BODY = YES;
				CLANG_WARN_ENUM_CONVERSION = YES;
				CLANG_WARN_INFINITE_RECURSION = YES;
				CLANG_WARN_INT_CONVERSION = YES;
				CLANG_WARN_NON_LITERAL_NULL_CONVERSION = YES;
				CLANG_WARN_OBJC_IMPLICIT_RETAIN_SELF = YES;
				CLANG_WARN_OBJC_LITERAL_CONVERSION = YES;
				CLANG_WARN_OBJC_ROOT_CLASS = YES_ERROR;
				CLANG_WARN_QUOTED_INCLUDE_IN_FRAMEWORK_HEADER = YES;
				CLANG_WARN_RANGE_LOOP_ANALYSIS = YES;
				CLANG_WARN_STRICT_PROTOTYPES = YES;
				CLANG_WARN_SUSPICIOUS_MOVE = YES;
				CLANG_WARN_UNGUARDED_AVAILABILITY = YES_AGGRESSIVE;
				CLANG_WARN_UNREACHABLE_CODE = YES;
				CLANG_WARN__DUPLICATE_METHOD_MATCH = YES;
				COPY_PHASE_STRIP = NO;
				DEBUG_INFORMATION_FORMAT = dwarf;
				ENABLE_STRICT_OBJC_MSGSEND = YES;
				ENABLE_TESTABILITY = YES;
				GCC_C_LANGUAGE_STANDARD = gnu11;
				GCC_DYNAMIC_NO_PIC = NO;
				GCC_NO_COMMON_BLOCKS = YES;
				GCC_OPTIMIZATION_LEVEL = 0;
				GCC_PREPROCESSOR_DEFINITIONS = (
					"DEBUG=1",
					"$(inherited)",
				);
				GCC_WARN_64_TO_32_BIT_CONVERSION = YES;
				GCC_WARN_ABOUT_RETURN_TYPE = YES_ERROR;
				GCC_WARN_UNDECLARED_SELECTOR = YES;
				GCC_WARN_UNINITIALIZED_AUTOS = YES_AGGRESSIVE;
				GCC_WARN_UNUSED_FUNCTION = YES;
				GCC_WARN_UNUSED_VARIABLE = YES;
				IPHONEOS_DEPLOYMENT_TARGET = 15.5;
				MTL_ENABLE_DEBUG_INFO = INCLUDE_SOURCE;
				MTL_FAST_MATH = YES;
				ONLY_ACTIVE_ARCH = YES;
				SDKROOT = iphoneos;
				SWIFT_ACTIVE_COMPILATION_CONDITIONS = DEBUG;
				SWIFT_OPTIMIZATION_LEVEL = "-Onone";
			};
			name = Debug;
		};
		547419E02887289800C46D63 /* Release */ = {
			isa = XCBuildConfiguration;
			buildSettings = {
				ALWAYS_SEARCH_USER_PATHS = NO;
				CLANG_ANALYZER_NONNULL = YES;
				CLANG_ANALYZER_NUMBER_OBJECT_CONVERSION = YES_AGGRESSIVE;
				CLANG_CXX_LANGUAGE_STANDARD = "gnu++17";
				CLANG_ENABLE_MODULES = YES;
				CLANG_ENABLE_OBJC_ARC = YES;
				CLANG_ENABLE_OBJC_WEAK = YES;
				CLANG_WARN_BLOCK_CAPTURE_AUTORELEASING = YES;
				CLANG_WARN_BOOL_CONVERSION = YES;
				CLANG_WARN_COMMA = YES;
				CLANG_WARN_CONSTANT_CONVERSION = YES;
				CLANG_WARN_DEPRECATED_OBJC_IMPLEMENTATIONS = YES;
				CLANG_WARN_DIRECT_OBJC_ISA_USAGE = YES_ERROR;
				CLANG_WARN_DOCUMENTATION_COMMENTS = YES;
				CLANG_WARN_EMPTY_BODY = YES;
				CLANG_WARN_ENUM_CONVERSION = YES;
				CLANG_WARN_INFINITE_RECURSION = YES;
				CLANG_WARN_INT_CONVERSION = YES;
				CLANG_WARN_NON_LITERAL_NULL_CONVERSION = YES;
				CLANG_WARN_OBJC_IMPLICIT_RETAIN_SELF = YES;
				CLANG_WARN_OBJC_LITERAL_CONVERSION = YES;
				CLANG_WARN_OBJC_ROOT_CLASS = YES_ERROR;
				CLANG_WARN_QUOTED_INCLUDE_IN_FRAMEWORK_HEADER = YES;
				CLANG_WARN_RANGE_LOOP_ANALYSIS = YES;
				CLANG_WARN_STRICT_PROTOTYPES = YES;
				CLANG_WARN_SUSPICIOUS_MOVE = YES;
				CLANG_WARN_UNGUARDED_AVAILABILITY = YES_AGGRESSIVE;
				CLANG_WARN_UNREACHABLE_CODE = YES;
				CLANG_WARN__DUPLICATE_METHOD_MATCH = YES;
				COPY_PHASE_STRIP = NO;
				DEBUG_INFORMATION_FORMAT = "dwarf-with-dsym";
				ENABLE_NS_ASSERTIONS = NO;
				ENABLE_STRICT_OBJC_MSGSEND = YES;
				GCC_C_LANGUAGE_STANDARD = gnu11;
				GCC_NO_COMMON_BLOCKS = YES;
				GCC_WARN_64_TO_32_BIT_CONVERSION = YES;
				GCC_WARN_ABOUT_RETURN_TYPE = YES_ERROR;
				GCC_WARN_UNDECLARED_SELECTOR = YES;
				GCC_WARN_UNINITIALIZED_AUTOS = YES_AGGRESSIVE;
				GCC_WARN_UNUSED_FUNCTION = YES;
				GCC_WARN_UNUSED_VARIABLE = YES;
				IPHONEOS_DEPLOYMENT_TARGET = 15.5;
				MTL_ENABLE_DEBUG_INFO = NO;
				MTL_FAST_MATH = YES;
				SDKROOT = iphoneos;
				SWIFT_COMPILATION_MODE = wholemodule;
				SWIFT_OPTIMIZATION_LEVEL = "-O";
				VALIDATE_PRODUCT = YES;
			};
			name = Release;
		};
		547419E22887289800C46D63 /* Debug */ = {
			isa = XCBuildConfiguration;
			buildSettings = {
				ASSETCATALOG_COMPILER_APPICON_NAME = AppIcon;
				ASSETCATALOG_COMPILER_GLOBAL_ACCENT_COLOR_NAME = AccentColor;
				CODE_SIGN_STYLE = Automatic;
				CURRENT_PROJECT_VERSION = 1;
				GENERATE_INFOPLIST_FILE = YES;
				INFOPLIST_FILE = FinalProject/Info.plist;
				INFOPLIST_KEY_UIApplicationSupportsIndirectInputEvents = YES;
				INFOPLIST_KEY_UILaunchStoryboardName = LaunchScreen;
				INFOPLIST_KEY_UIMainStoryboardFile = Main;
				INFOPLIST_KEY_UISupportedInterfaceOrientations_iPad = "UIInterfaceOrientationPortrait UIInterfaceOrientationPortraitUpsideDown UIInterfaceOrientationLandscapeLeft UIInterfaceOrientationLandscapeRight";
				INFOPLIST_KEY_UISupportedInterfaceOrientations_iPhone = "UIInterfaceOrientationPortrait UIInterfaceOrientationLandscapeLeft UIInterfaceOrientationLandscapeRight";
				LD_RUNPATH_SEARCH_PATHS = (
					"$(inherited)",
					"@executable_path/Frameworks",
				);
				MARKETING_VERSION = 1.0;
				PRODUCT_BUNDLE_IDENTIFIER = Segues.FinalProject;
				PRODUCT_NAME = "$(TARGET_NAME)";
				SWIFT_EMIT_LOC_STRINGS = YES;
				SWIFT_VERSION = 5.0;
				TARGETED_DEVICE_FAMILY = "1,2";
			};
			name = Debug;
		};
		547419E32887289800C46D63 /* Release */ = {
			isa = XCBuildConfiguration;
			buildSettings = {
				ASSETCATALOG_COMPILER_APPICON_NAME = AppIcon;
				ASSETCATALOG_COMPILER_GLOBAL_ACCENT_COLOR_NAME = AccentColor;
				CODE_SIGN_STYLE = Automatic;
				CURRENT_PROJECT_VERSION = 1;
				GENERATE_INFOPLIST_FILE = YES;
				INFOPLIST_FILE = FinalProject/Info.plist;
				INFOPLIST_KEY_UIApplicationSupportsIndirectInputEvents = YES;
				INFOPLIST_KEY_UILaunchStoryboardName = LaunchScreen;
				INFOPLIST_KEY_UIMainStoryboardFile = Main;
				INFOPLIST_KEY_UISupportedInterfaceOrientations_iPad = "UIInterfaceOrientationPortrait UIInterfaceOrientationPortraitUpsideDown UIInterfaceOrientationLandscapeLeft UIInterfaceOrientationLandscapeRight";
				INFOPLIST_KEY_UISupportedInterfaceOrientations_iPhone = "UIInterfaceOrientationPortrait UIInterfaceOrientationLandscapeLeft UIInterfaceOrientationLandscapeRight";
				LD_RUNPATH_SEARCH_PATHS = (
					"$(inherited)",
					"@executable_path/Frameworks",
				);
				MARKETING_VERSION = 1.0;
				PRODUCT_BUNDLE_IDENTIFIER = Segues.FinalProject;
				PRODUCT_NAME = "$(TARGET_NAME)";
				SWIFT_EMIT_LOC_STRINGS = YES;
				SWIFT_VERSION = 5.0;
				TARGETED_DEVICE_FAMILY = "1,2";
			};
			name = Release;
		};
		547419E52887289800C46D63 /* Debug */ = {
			isa = XCBuildConfiguration;
			buildSettings = {
				ALWAYS_EMBED_SWIFT_STANDARD_LIBRARIES = YES;
				BUNDLE_LOADER = "$(TEST_HOST)";
				CODE_SIGN_STYLE = Automatic;
				CURRENT_PROJECT_VERSION = 1;
				GENERATE_INFOPLIST_FILE = YES;
				IPHONEOS_DEPLOYMENT_TARGET = 15.5;
				MARKETING_VERSION = 1.0;
				PRODUCT_BUNDLE_IDENTIFIER = Segues.FinalProjectTests;
				PRODUCT_NAME = "$(TARGET_NAME)";
				SWIFT_EMIT_LOC_STRINGS = NO;
				SWIFT_VERSION = 5.0;
				TARGETED_DEVICE_FAMILY = "1,2";
				TEST_HOST = "$(BUILT_PRODUCTS_DIR)/FinalProject.app/FinalProject";
			};
			name = Debug;
		};
		547419E62887289800C46D63 /* Release */ = {
			isa = XCBuildConfiguration;
			buildSettings = {
				ALWAYS_EMBED_SWIFT_STANDARD_LIBRARIES = YES;
				BUNDLE_LOADER = "$(TEST_HOST)";
				CODE_SIGN_STYLE = Automatic;
				CURRENT_PROJECT_VERSION = 1;
				GENERATE_INFOPLIST_FILE = YES;
				IPHONEOS_DEPLOYMENT_TARGET = 15.5;
				MARKETING_VERSION = 1.0;
				PRODUCT_BUNDLE_IDENTIFIER = Segues.FinalProjectTests;
				PRODUCT_NAME = "$(TARGET_NAME)";
				SWIFT_EMIT_LOC_STRINGS = NO;
				SWIFT_VERSION = 5.0;
				TARGETED_DEVICE_FAMILY = "1,2";
				TEST_HOST = "$(BUILT_PRODUCTS_DIR)/FinalProject.app/FinalProject";
			};
			name = Release;
		};
		547419E82887289800C46D63 /* Debug */ = {
			isa = XCBuildConfiguration;
			buildSettings = {
				ALWAYS_EMBED_SWIFT_STANDARD_LIBRARIES = YES;
				CODE_SIGN_STYLE = Automatic;
				CURRENT_PROJECT_VERSION = 1;
				GENERATE_INFOPLIST_FILE = YES;
				MARKETING_VERSION = 1.0;
				PRODUCT_BUNDLE_IDENTIFIER = Segues.FinalProjectUITests;
				PRODUCT_NAME = "$(TARGET_NAME)";
				SWIFT_EMIT_LOC_STRINGS = NO;
				SWIFT_VERSION = 5.0;
				TARGETED_DEVICE_FAMILY = "1,2";
				TEST_TARGET_NAME = FinalProject;
			};
			name = Debug;
		};
		547419E92887289800C46D63 /* Release */ = {
			isa = XCBuildConfiguration;
			buildSettings = {
				ALWAYS_EMBED_SWIFT_STANDARD_LIBRARIES = YES;
				CODE_SIGN_STYLE = Automatic;
				CURRENT_PROJECT_VERSION = 1;
				GENERATE_INFOPLIST_FILE = YES;
				MARKETING_VERSION = 1.0;
				PRODUCT_BUNDLE_IDENTIFIER = Segues.FinalProjectUITests;
				PRODUCT_NAME = "$(TARGET_NAME)";
				SWIFT_EMIT_LOC_STRINGS = NO;
				SWIFT_VERSION = 5.0;
				TARGETED_DEVICE_FAMILY = "1,2";
				TEST_TARGET_NAME = FinalProject;
			};
			name = Release;
		};
/* End XCBuildConfiguration section */

/* Begin XCConfigurationList section */
		547419AF2887289300C46D63 /* Build configuration list for PBXProject "FinalProject" */ = {
			isa = XCConfigurationList;
			buildConfigurations = (
				547419DF2887289800C46D63 /* Debug */,
				547419E02887289800C46D63 /* Release */,
			);
			defaultConfigurationIsVisible = 0;
			defaultConfigurationName = Release;
		};
		547419E12887289800C46D63 /* Build configuration list for PBXNativeTarget "FinalProject" */ = {
			isa = XCConfigurationList;
			buildConfigurations = (
				547419E22887289800C46D63 /* Debug */,
				547419E32887289800C46D63 /* Release */,
			);
			defaultConfigurationIsVisible = 0;
			defaultConfigurationName = Release;
		};
		547419E42887289800C46D63 /* Build configuration list for PBXNativeTarget "FinalProjectTests" */ = {
			isa = XCConfigurationList;
			buildConfigurations = (
				547419E52887289800C46D63 /* Debug */,
				547419E62887289800C46D63 /* Release */,
			);
			defaultConfigurationIsVisible = 0;
			defaultConfigurationName = Release;
		};
		547419E72887289800C46D63 /* Build configuration list for PBXNativeTarget "FinalProjectUITests" */ = {
			isa = XCConfigurationList;
			buildConfigurations = (
				547419E82887289800C46D63 /* Debug */,
				547419E92887289800C46D63 /* Release */,
			);
			defaultConfigurationIsVisible = 0;
			defaultConfigurationName = Release;
		};
/* End XCConfigurationList section */

/* Begin XCVersionGroup section */
		547419C02887289300C46D63 /* FinalProject.xcdatamodeld */ = {
			isa = XCVersionGroup;
			children = (
				547419C12887289300C46D63 /* FinalProject.xcdatamodel */,
			);
			currentVersion = 547419C12887289300C46D63 /* FinalProject.xcdatamodel */;
			path = FinalProject.xcdatamodeld;
			sourceTree = "<group>";
			versionGroupType = wrapper.xcdatamodel;
		};
/* End XCVersionGroup section */
	};
	rootObject = 547419AC2887289300C46D63 /* Project object */;
}
